
Microsoft Visual Studio Solution File, Format Version 12.00
# Visual Studio Version 16
VisualStudioVersion = 16.0.36631.11
MinimumVisualStudioVersion = 10.0.40219.1
Project("{FAE04EC0-301F-11D3-BF4B-00C04F79EFBC}") = "SistemAntrianAlat", "SistemAntrianAlat\SistemAntrianAlat.csproj", "{B74CC026-DD0D-4954-97B7-994F27A83212}"
EndProject
Global
	GlobalSection(SolutionConfigurationPlatforms) = preSolution
		Debug|Any CPU = Debug|Any CPU
		Release|Any CPU = Release|Any CPU
	EndGlobalSection
	GlobalSection(ProjectConfigurationPlatforms) = postSolution
		{B74CC026-DD0D-4954-97B7-994F27A83212}.Debug|Any CPU.ActiveCfg = Debug|Any CPU
		{B74CC026-DD0D-4954-97B7-994F27A83212}.Debug|Any CPU.Build.0 = Debug|Any CPU
		{B74CC026-DD0D-4954-97B7-994F27A83212}.Release|Any CPU.ActiveCfg = Release|Any CPU
		{B74CC026-DD0D-4954-97B7-994F27A83212}.Release|Any CPU.Build.0 = Release|Any CPU
	EndGlobalSection
	GlobalSection(SolutionProperties) = preSolution
		HideSolutionNode = FALSE
	EndGlobalSection
	GlobalSection(ExtensibilityGlobals) = postSolution
		SolutionGuid = {6D916FE4-FECE-410C-B490-4DC0D9174B87}
	EndGlobalSection
EndGlobal
